
Microsoft Visual Studio Solution File, Format Version 12.00
# Visual Studio Version 16
VisualStudioVersion = 16.0.29926.136
MinimumVisualStudioVersion = 10.0.40219.1
Project("{FAE04EC0-301F-11D3-BF4B-00C04F79EFBC}") = "TPFINAL", "TPFINAL\TPFINAL.csproj", "{DFB33427-F276-44FF-A22A-9A73D2CD0EB5}"
EndProject
Global
	GlobalSection(SolutionConfigurationPlatforms) = preSolution
		Debug|Any CPU = Debug|Any CPU
		Release|Any CPU = Release|Any CPU
	EndGlobalSection
	GlobalSection(ProjectConfigurationPlatforms) = postSolution
		{DFB33427-F276-44FF-A22A-9A73D2CD0EB5}.Debug|Any CPU.ActiveCfg = Debug|Any CPU
		{DFB33427-F276-44FF-A22A-9A73D2CD0EB5}.Debug|Any CPU.Build.0 = Debug|Any CPU
		{DFB33427-F276-44FF-A22A-9A73D2CD0EB5}.Release|Any CPU.ActiveCfg = Release|Any CPU
		{DFB33427-F276-44FF-A22A-9A73D2CD0EB5}.Release|Any CPU.Build.0 = Release|Any CPU
	EndGlobalSection
	GlobalSection(SolutionProperties) = preSolution
		HideSolutionNode = FALSE
	EndGlobalSection
	GlobalSection(ExtensibilityGlobals) = postSolution
		SolutionGuid = {4B6C1417-010E-44F0-994E-D2202457D30E}
	EndGlobalSection
EndGlobal
